// !$*UTF8*$!
{
	archiveVersion = 1;
	classes = {
	};
	objectVersion = 46;
	objects = {

/* Begin PBXAggregateTarget section */
		0A36DF101C7EABFF00EAABA3 /* opus_genconfig */ = {
			isa = PBXAggregateTarget;
			buildConfigurationList = 0A36DF131C7EABFF00EAABA3 /* Build configuration list for PBXAggregateTarget "opus_genconfig" */;
			buildPhases = (
				0A36DF181C7EAC1400EAABA3 /* ShellScript */,
			);
			dependencies = (
			);
			name = opus_genconfig;
			productName = opus_genconfig;
		};
		0A4A868C1C7A32F000556B01 /* opus_ios */ = {
			isa = PBXAggregateTarget;
			buildConfigurationList = 0A4A868D1C7A32F000556B01 /* Build configuration list for PBXAggregateTarget "opus_ios" */;
			buildPhases = (
				0A4A86901C7A32F700556B01 /* ShellScript */,
			);
			dependencies = (
				0A36DF151C7EAC0B00EAABA3 /* PBXTargetDependency */,
			);
			name = opus_ios;
			productName = opus_ios;
		};
		0A4A86951C7A3ED700556B01 /* opus_mac */ = {
			isa = PBXAggregateTarget;
			buildConfigurationList = 0A4A86961C7A3ED800556B01 /* Build configuration list for PBXAggregateTarget "opus_mac" */;
			buildPhases = (
				0A4A86991C7A3FA100556B01 /* ShellScript */,
			);
			dependencies = (
				0A36DF171C7EAC1000EAABA3 /* PBXTargetDependency */,
			);
			name = opus_mac;
			productName = opus_mac;
		};
		0AD97086218302F1008BABA4 /* opus_mac_i386 */ = {
			isa = PBXAggregateTarget;
			buildConfigurationList = 0AD9708A218302F1008BABA4 /* Build configuration list for PBXAggregateTarget "opus_mac_i386" */;
			buildPhases = (
				0AD97089218302F1008BABA4 /* ShellScript */,
			);
			dependencies = (
				0AD97087218302F1008BABA4 /* PBXTargetDependency */,
			);
			name = opus_mac_i386;
			productName = opus_mac;
		};
/* End PBXAggregateTarget section */

/* Begin PBXBuildFile section */
		0A294E291C57F75B00D4CC23 /* libz.tbd in Frameworks */ = {isa = PBXBuildFile; fileRef = 0A294E281C57F75B00D4CC23 /* libz.tbd */; };
		0A294E2A1C58734300D4CC23 /* ImgCompressor.cpp in Sources */ = {isa = PBXBuildFile; fileRef = 0AE5B0DA1C44D95500155DB8 /* ImgCompressor.cpp */; };
		0A294E2B1C58734400D4CC23 /* ImgCompressor.cpp in Sources */ = {isa = PBXBuildFile; fileRef = 0AE5B0DA1C44D95500155DB8 /* ImgCompressor.cpp */; };
		0A2973921C51FFB900A2F8F0 /* Common.cpp in Sources */ = {isa = PBXBuildFile; fileRef = 0A29738A1C51FFB900A2F8F0 /* Common.cpp */; };
		0A2973931C51FFB900A2F8F0 /* Common.h in Headers */ = {isa = PBXBuildFile; fileRef = 0A29738B1C51FFB900A2F8F0 /* Common.h */; };
		0A2973941C51FFB900A2F8F0 /* ConnectionHandler.cpp in Sources */ = {isa = PBXBuildFile; fileRef = 0A29738C1C51FFB900A2F8F0 /* ConnectionHandler.cpp */; };
		0A2973951C51FFB900A2F8F0 /* ConnectionHandler.h in Headers */ = {isa = PBXBuildFile; fileRef = 0A29738D1C51FFB900A2F8F0 /* ConnectionHandler.h */; };
		0A2973961C51FFB900A2F8F0 /* Data.h in Headers */ = {isa = PBXBuildFile; fileRef = 0A29738E1C51FFB900A2F8F0 /* Data.h */; };
		0A2973971C51FFB900A2F8F0 /* Event.cpp in Sources */ = {isa = PBXBuildFile; fileRef = 0A29738F1C51FFB900A2F8F0 /* Event.cpp */; };
		0A2973981C51FFB900A2F8F0 /* Event.h in Headers */ = {isa = PBXBuildFile; fileRef = 0A2973901C51FFB900A2F8F0 /* Event.h */; };
		0A2973991C51FFB900A2F8F0 /* Timer.h in Headers */ = {isa = PBXBuildFile; fileRef = 0A2973911C51FFB900A2F8F0 /* Timer.h */; };
		0A29739C1C51FFD900A2F8F0 /* TimerApple.cpp in Sources */ = {isa = PBXBuildFile; fileRef = 0A29739B1C51FFD900A2F8F0 /* TimerApple.cpp */; };
		0A29739E1C5205EA00A2F8F0 /* ConnectionHandlerApple.cpp in Sources */ = {isa = PBXBuildFile; fileRef = 0A29739D1C5205EA00A2F8F0 /* ConnectionHandlerApple.cpp */; };
		0A44AC341C58BCC0007809DA /* ZlibUtils.cpp in Sources */ = {isa = PBXBuildFile; fileRef = 0A44AC321C58BCC0007809DA /* ZlibUtils.cpp */; };
		0A44AC351C58BCC0007809DA /* ZlibUtils.cpp in Sources */ = {isa = PBXBuildFile; fileRef = 0A44AC321C58BCC0007809DA /* ZlibUtils.cpp */; };
		0A44AC361C58BCC0007809DA /* ZlibUtils.h in Headers */ = {isa = PBXBuildFile; fileRef = 0A44AC331C58BCC0007809DA /* ZlibUtils.h */; };
		0A44AC371C58BCC0007809DA /* ZlibUtils.h in Headers */ = {isa = PBXBuildFile; fileRef = 0A44AC331C58BCC0007809DA /* ZlibUtils.h */; };
		0A4A843D1C7A1C2D00556B01 /* Client.cpp in Sources */ = {isa = PBXBuildFile; fileRef = 0A4A843B1C7A1C2D00556B01 /* Client.cpp */; };
		0A4A843E1C7A1C2D00556B01 /* Client.cpp in Sources */ = {isa = PBXBuildFile; fileRef = 0A4A843B1C7A1C2D00556B01 /* Client.cpp */; };
		0A4A843F1C7A1C2D00556B01 /* Client.h in Headers */ = {isa = PBXBuildFile; fileRef = 0A4A843C1C7A1C2D00556B01 /* Client.h */; };
		0A4A84401C7A1C2D00556B01 /* Client.h in Headers */ = {isa = PBXBuildFile; fileRef = 0A4A843C1C7A1C2D00556B01 /* Client.h */; };
		0A4A84481C7A1C7B00556B01 /* CString.h in Headers */ = {isa = PBXBuildFile; fileRef = 0A4A84471C7A1C7B00556B01 /* CString.h */; };
		0A4A84491C7A1C7B00556B01 /* CString.h in Headers */ = {isa = PBXBuildFile; fileRef = 0A4A84471C7A1C7B00556B01 /* CString.h */; };
		0A4D15701CEFB3CC00F63A9B /* AudioCapturer.cpp in Sources */ = {isa = PBXBuildFile; fileRef = 0A4D156C1CEFB3CC00F63A9B /* AudioCapturer.cpp */; };
		0A4D15711CEFB3CC00F63A9B /* AudioCapturer.cpp in Sources */ = {isa = PBXBuildFile; fileRef = 0A4D156C1CEFB3CC00F63A9B /* AudioCapturer.cpp */; };
		0A4D15721CEFB3CC00F63A9B /* AudioCapturer.h in Headers */ = {isa = PBXBuildFile; fileRef = 0A4D156D1CEFB3CC00F63A9B /* AudioCapturer.h */; };
		0A4D15731CEFB3CC00F63A9B /* AudioCapturer.h in Headers */ = {isa = PBXBuildFile; fileRef = 0A4D156D1CEFB3CC00F63A9B /* AudioCapturer.h */; };
		0A4D15741CEFB3CC00F63A9B /* BaseEngine.cpp in Sources */ = {isa = PBXBuildFile; fileRef = 0A4D156E1CEFB3CC00F63A9B /* BaseEngine.cpp */; };
		0A4D15751CEFB3CC00F63A9B /* BaseEngine.cpp in Sources */ = {isa = PBXBuildFile; fileRef = 0A4D156E1CEFB3CC00F63A9B /* BaseEngine.cpp */; };
		0A4D15761CEFB3CC00F63A9B /* BaseEngine.h in Headers */ = {isa = PBXBuildFile; fileRef = 0A4D156F1CEFB3CC00F63A9B /* BaseEngine.h */; };
		0A4D15771CEFB3CC00F63A9B /* BaseEngine.h in Headers */ = {isa = PBXBuildFile; fileRef = 0A4D156F1CEFB3CC00F63A9B /* BaseEngine.h */; };
		0A5298581C522A9F0008A9FA /* ImgCompressorApple.cpp in Sources */ = {isa = PBXBuildFile; fileRef = 0AE5B0DD1C44D95500155DB8 /* ImgCompressorApple.cpp */; };
		0A5298591C522A9F0008A9FA /* ConnectionHandler.cpp in Sources */ = {isa = PBXBuildFile; fileRef = 0A29738C1C51FFB900A2F8F0 /* ConnectionHandler.cpp */; };
		0A52985B1C522A9F0008A9FA /* ConnectionHandlerApple.cpp in Sources */ = {isa = PBXBuildFile; fileRef = 0A29739D1C5205EA00A2F8F0 /* ConnectionHandlerApple.cpp */; };
		0A52985C1C522A9F0008A9FA /* TimerApple.cpp in Sources */ = {isa = PBXBuildFile; fileRef = 0A29739B1C51FFD900A2F8F0 /* TimerApple.cpp */; };
		0A52985D1C522A9F0008A9FA /* Common.cpp in Sources */ = {isa = PBXBuildFile; fileRef = 0A29738A1C51FFB900A2F8F0 /* Common.cpp */; };
		0A52985E1C522A9F0008A9FA /* Event.cpp in Sources */ = {isa = PBXBuildFile; fileRef = 0A29738F1C51FFB900A2F8F0 /* Event.cpp */; };
		0A52985F1C522A9F0008A9FA /* FrameCapturer.cpp in Sources */ = {isa = PBXBuildFile; fileRef = 0AE5B0DF1C44D95500155DB8 /* FrameCapturer.cpp */; };
		0A5298601C522A9F0008A9FA /* Engine.cpp in Sources */ = {isa = PBXBuildFile; fileRef = 0AE5B0D71C44D95500155DB8 /* Engine.cpp */; };
		0A5298611C522A9F0008A9FA /* EngineApple.mm in Sources */ = {isa = PBXBuildFile; fileRef = 0AE5B0DC1C44D95500155DB8 /* EngineApple.mm */; };
		0A5298651C522A9F0008A9FA /* Timer.h in Headers */ = {isa = PBXBuildFile; fileRef = 0A2973911C51FFB900A2F8F0 /* Timer.h */; };
		0A5298661C522A9F0008A9FA /* Engine.h in Headers */ = {isa = PBXBuildFile; fileRef = 0AE5B0D81C44D95500155DB8 /* Engine.h */; };
		0A5298671C522A9F0008A9FA /* Data.h in Headers */ = {isa = PBXBuildFile; fileRef = 0A29738E1C51FFB900A2F8F0 /* Data.h */; };
		0A5298681C522A9F0008A9FA /* ConnectionHandler.h in Headers */ = {isa = PBXBuildFile; fileRef = 0A29738D1C51FFB900A2F8F0 /* ConnectionHandler.h */; };
		0A5298691C522A9F0008A9FA /* FrameCapturerGL.h in Headers */ = {isa = PBXBuildFile; fileRef = 0AE5B0E21C44D95500155DB8 /* FrameCapturerGL.h */; };
		0A52986A1C522A9F0008A9FA /* Common.h in Headers */ = {isa = PBXBuildFile; fileRef = 0A29738B1C51FFB900A2F8F0 /* Common.h */; };
		0A52986B1C522A9F0008A9FA /* ImgCompressor.h in Headers */ = {isa = PBXBuildFile; fileRef = 0AE5B0E31C44D95500155DB8 /* ImgCompressor.h */; };
		0A52986C1C522A9F0008A9FA /* FrameCapturer.h in Headers */ = {isa = PBXBuildFile; fileRef = 0AE5B0E01C44D95500155DB8 /* FrameCapturer.h */; };
		0A52986D1C522A9F0008A9FA /* Event.h in Headers */ = {isa = PBXBuildFile; fileRef = 0A2973901C51FFB900A2F8F0 /* Event.h */; };
		0A5298731C522ACC0008A9FA /* OpenGLES.framework in Frameworks */ = {isa = PBXBuildFile; fileRef = 0A5298721C522ACC0008A9FA /* OpenGLES.framework */; };
		0A5298891C522C8C0008A9FA /* libRemoteControllerIOS.a in Frameworks */ = {isa = PBXBuildFile; fileRef = 0A5298711C522A9F0008A9FA /* libRemoteControllerIOS.a */; };
		0A5716B61C4353C000AE78E7 /* OpenGL.framework in Frameworks */ = {isa = PBXBuildFile; fileRef = 0A5716B51C4353C000AE78E7 /* OpenGL.framework */; };
		0AB449BC1D0C808200B8D991 /* ConnectionHandlerUnix.cpp in Sources */ = {isa = PBXBuildFile; fileRef = 0AB449BB1D0C808200B8D991 /* ConnectionHandlerUnix.cpp */; };
		0AB449BD1D0C808200B8D991 /* ConnectionHandlerUnix.cpp in Sources */ = {isa = PBXBuildFile; fileRef = 0AB449BB1D0C808200B8D991 /* ConnectionHandlerUnix.cpp */; };
		0AD97061218302DA008BABA4 /* AudioCapturer.cpp in Sources */ = {isa = PBXBuildFile; fileRef = 0A4D156C1CEFB3CC00F63A9B /* AudioCapturer.cpp */; };
		0AD97062218302DA008BABA4 /* ImgCompressorApple.cpp in Sources */ = {isa = PBXBuildFile; fileRef = 0AE5B0DD1C44D95500155DB8 /* ImgCompressorApple.cpp */; };
		0AD97063218302DA008BABA4 /* ConnectionHandler.cpp in Sources */ = {isa = PBXBuildFile; fileRef = 0A29738C1C51FFB900A2F8F0 /* ConnectionHandler.cpp */; };
		0AD97064218302DA008BABA4 /* FrameCapturerGL.cpp in Sources */ = {isa = PBXBuildFile; fileRef = 0AE5B0E11C44D95500155DB8 /* FrameCapturerGL.cpp */; };
		0AD97065218302DA008BABA4 /* ConnectionHandlerApple.cpp in Sources */ = {isa = PBXBuildFile; fileRef = 0A29739D1C5205EA00A2F8F0 /* ConnectionHandlerApple.cpp */; };
		0AD97066218302DA008BABA4 /* Client.cpp in Sources */ = {isa = PBXBuildFile; fileRef = 0A4A843B1C7A1C2D00556B01 /* Client.cpp */; };
		0AD97067218302DA008BABA4 /* TimerApple.cpp in Sources */ = {isa = PBXBuildFile; fileRef = 0A29739B1C51FFD900A2F8F0 /* TimerApple.cpp */; };
		0AD97068218302DA008BABA4 /* Common.cpp in Sources */ = {isa = PBXBuildFile; fileRef = 0A29738A1C51FFB900A2F8F0 /* Common.cpp */; };
		0AD97069218302DA008BABA4 /* Event.cpp in Sources */ = {isa = PBXBuildFile; fileRef = 0A29738F1C51FFB900A2F8F0 /* Event.cpp */; };
		0AD9706A218302DA008BABA4 /* FrameCapturer.cpp in Sources */ = {isa = PBXBuildFile; fileRef = 0AE5B0DF1C44D95500155DB8 /* FrameCapturer.cpp */; };
		0AD9706B218302DA008BABA4 /* ZlibUtils.cpp in Sources */ = {isa = PBXBuildFile; fileRef = 0A44AC321C58BCC0007809DA /* ZlibUtils.cpp */; };
		0AD9706C218302DA008BABA4 /* ImgCompressor.cpp in Sources */ = {isa = PBXBuildFile; fileRef = 0AE5B0DA1C44D95500155DB8 /* ImgCompressor.cpp */; };
		0AD9706D218302DA008BABA4 /* ConnectionHandlerUnix.cpp in Sources */ = {isa = PBXBuildFile; fileRef = 0AB449BB1D0C808200B8D991 /* ConnectionHandlerUnix.cpp */; };
		0AD9706E218302DA008BABA4 /* Engine.cpp in Sources */ = {isa = PBXBuildFile; fileRef = 0AE5B0D71C44D95500155DB8 /* Engine.cpp */; };
		0AD9706F218302DA008BABA4 /* BaseEngine.cpp in Sources */ = {isa = PBXBuildFile; fileRef = 0A4D156E1CEFB3CC00F63A9B /* BaseEngine.cpp */; };
		0AD97070218302DA008BABA4 /* EngineApple.mm in Sources */ = {isa = PBXBuildFile; fileRef = 0AE5B0DC1C44D95500155DB8 /* EngineApple.mm */; };
		0AD97072218302DA008BABA4 /* OpenGL.framework in Frameworks */ = {isa = PBXBuildFile; fileRef = 0A5716B51C4353C000AE78E7 /* OpenGL.framework */; };
		0AD97074218302DA008BABA4 /* Client.h in Headers */ = {isa = PBXBuildFile; fileRef = 0A4A843C1C7A1C2D00556B01 /* Client.h */; };
		0AD97075218302DA008BABA4 /* Timer.h in Headers */ = {isa = PBXBuildFile; fileRef = 0A2973911C51FFB900A2F8F0 /* Timer.h */; };
		0AD97076218302DA008BABA4 /* Engine.h in Headers */ = {isa = PBXBuildFile; fileRef = 0AE5B0D81C44D95500155DB8 /* Engine.h */; };
		0AD97077218302DA008BABA4 /* Data.h in Headers */ = {isa = PBXBuildFile; fileRef = 0A29738E1C51FFB900A2F8F0 /* Data.h */; };
		0AD97078218302DA008BABA4 /* ConnectionHandler.h in Headers */ = {isa = PBXBuildFile; fileRef = 0A29738D1C51FFB900A2F8F0 /* ConnectionHandler.h */; };
		0AD97079218302DA008BABA4 /* FrameCapturerGL.h in Headers */ = {isa = PBXBuildFile; fileRef = 0AE5B0E21C44D95500155DB8 /* FrameCapturerGL.h */; };
		0AD9707A218302DA008BABA4 /* Common.h in Headers */ = {isa = PBXBuildFile; fileRef = 0A29738B1C51FFB900A2F8F0 /* Common.h */; };
		0AD9707B218302DA008BABA4 /* ImgCompressor.h in Headers */ = {isa = PBXBuildFile; fileRef = 0AE5B0E31C44D95500155DB8 /* ImgCompressor.h */; };
		0AD9707C218302DA008BABA4 /* CString.h in Headers */ = {isa = PBXBuildFile; fileRef = 0A4A84471C7A1C7B00556B01 /* CString.h */; };
		0AD9707D218302DA008BABA4 /* FrameCapturer.h in Headers */ = {isa = PBXBuildFile; fileRef = 0AE5B0E01C44D95500155DB8 /* FrameCapturer.h */; };
		0AD9707E218302DA008BABA4 /* Event.h in Headers */ = {isa = PBXBuildFile; fileRef = 0A2973901C51FFB900A2F8F0 /* Event.h */; };
		0AD9707F218302DA008BABA4 /* BaseEngine.h in Headers */ = {isa = PBXBuildFile; fileRef = 0A4D156F1CEFB3CC00F63A9B /* BaseEngine.h */; };
		0AD97080218302DA008BABA4 /* AudioCapturer.h in Headers */ = {isa = PBXBuildFile; fileRef = 0A4D156D1CEFB3CC00F63A9B /* AudioCapturer.h */; };
		0AD97081218302DA008BABA4 /* ZlibUtils.h in Headers */ = {isa = PBXBuildFile; fileRef = 0A44AC331C58BCC0007809DA /* ZlibUtils.h */; };
		0AE5B0E61C44D95500155DB8 /* Engine.cpp in Sources */ = {isa = PBXBuildFile; fileRef = 0AE5B0D71C44D95500155DB8 /* Engine.cpp */; };
		0AE5B0E71C44D95500155DB8 /* Engine.h in Headers */ = {isa = PBXBuildFile; fileRef = 0AE5B0D81C44D95500155DB8 /* Engine.h */; };
		0AE5B0EA1C44D95500155DB8 /* EngineApple.mm in Sources */ = {isa = PBXBuildFile; fileRef = 0AE5B0DC1C44D95500155DB8 /* EngineApple.mm */; };
		0AE5B0EB1C44D95500155DB8 /* ImgCompressorApple.cpp in Sources */ = {isa = PBXBuildFile; fileRef = 0AE5B0DD1C44D95500155DB8 /* ImgCompressorApple.cpp */; };
		0AE5B0ED1C44D95500155DB8 /* FrameCapturer.cpp in Sources */ = {isa = PBXBuildFile; fileRef = 0AE5B0DF1C44D95500155DB8 /* FrameCapturer.cpp */; };
		0AE5B0EE1C44D95500155DB8 /* FrameCapturer.h in Headers */ = {isa = PBXBuildFile; fileRef = 0AE5B0E01C44D95500155DB8 /* FrameCapturer.h */; };
		0AE5B0EF1C44D95500155DB8 /* FrameCapturerGL.cpp in Sources */ = {isa = PBXBuildFile; fileRef = 0AE5B0E11C44D95500155DB8 /* FrameCapturerGL.cpp */; };
		0AE5B0F01C44D95500155DB8 /* FrameCapturerGL.h in Headers */ = {isa = PBXBuildFile; fileRef = 0AE5B0E21C44D95500155DB8 /* FrameCapturerGL.h */; };
		0AE5B0F11C44D95500155DB8 /* ImgCompressor.h in Headers */ = {isa = PBXBuildFile; fileRef = 0AE5B0E31C44D95500155DB8 /* ImgCompressor.h */; };
		0AE5B1241C44DACE00155DB8 /* RemoteViewController.mm in Sources */ = {isa = PBXBuildFile; fileRef = 0AE5B1141C44DACE00155DB8 /* RemoteViewController.mm */; };
		0AE5B1251C44DACE00155DB8 /* AppDelegate.m in Sources */ = {isa = PBXBuildFile; fileRef = 0AE5B1161C44DACE00155DB8 /* AppDelegate.m */; };
		0AE5B1261C44DACE00155DB8 /* Assets.xcassets in Resources */ = {isa = PBXBuildFile; fileRef = 0AE5B1171C44DACE00155DB8 /* Assets.xcassets */; };
		0AE5B1271C44DACE00155DB8 /* LaunchScreen.storyboard in Resources */ = {isa = PBXBuildFile; fileRef = 0AE5B1191C44DACE00155DB8 /* LaunchScreen.storyboard */; };
		0AE5B1281C44DACE00155DB8 /* Main.storyboard in Resources */ = {isa = PBXBuildFile; fileRef = 0AE5B11B1C44DACE00155DB8 /* Main.storyboard */; };
		0AE5B12A1C44DACE00155DB8 /* Info.plist in Resources */ = {isa = PBXBuildFile; fileRef = 0AE5B11F1C44DACE00155DB8 /* Info.plist */; };
		0AE5B12B1C44DACE00155DB8 /* main.m in Sources */ = {isa = PBXBuildFile; fileRef = 0AE5B1201C44DACE00155DB8 /* main.m */; };
		0AE5B12C1C44DACE00155DB8 /* ViewController.mm in Sources */ = {isa = PBXBuildFile; fileRef = 0AE5B1221C44DACE00155DB8 /* ViewController.mm */; };
/* End PBXBuildFile section */

/* Begin PBXContainerItemProxy section */
		0A36DF141C7EAC0B00EAABA3 /* PBXContainerItemProxy */ = {
			isa = PBXContainerItemProxy;
			containerPortal = 0A5716881C43520900AE78E7 /* Project object */;
			proxyType = 1;
			remoteGlobalIDString = 0A36DF101C7EABFF00EAABA3;
			remoteInfo = opus_genconfig;
		};
		0A36DF161C7EAC1000EAABA3 /* PBXContainerItemProxy */ = {
			isa = PBXContainerItemProxy;
			containerPortal = 0A5716881C43520900AE78E7 /* Project object */;
			proxyType = 1;
			remoteGlobalIDString = 0A36DF101C7EABFF00EAABA3;
			remoteInfo = opus_genconfig;
		};
		0A5298931C522CF60008A9FA /* PBXContainerItemProxy */ = {
			isa = PBXContainerItemProxy;
			containerPortal = 0A5716881C43520900AE78E7 /* Project object */;
			proxyType = 1;
			remoteGlobalIDString = 0A5298561C522A9F0008A9FA;
			remoteInfo = RemoteControllerIOS;
		};
		0AD97088218302F1008BABA4 /* PBXContainerItemProxy */ = {
			isa = PBXContainerItemProxy;
			containerPortal = 0A5716881C43520900AE78E7 /* Project object */;
			proxyType = 1;
			remoteGlobalIDString = 0A36DF101C7EABFF00EAABA3;
			remoteInfo = opus_genconfig;
		};
/* End PBXContainerItemProxy section */

/* Begin PBXFileReference section */
		0A294E281C57F75B00D4CC23 /* libz.tbd */ = {isa = PBXFileReference; lastKnownFileType = "sourcecode.text-based-dylib-definition"; name = libz.tbd; path = Platforms/iPhoneOS.platform/Developer/SDKs/iPhoneOS9.2.sdk/usr/lib/libz.tbd; sourceTree = DEVELOPER_DIR; };
		0A29738A1C51FFB900A2F8F0 /* Common.cpp */ = {isa = PBXFileReference; fileEncoding = 4; lastKnownFileType = sourcecode.cpp.cpp; path = Common.cpp; sourceTree = "<group>"; };
		0A29738B1C51FFB900A2F8F0 /* Common.h */ = {isa = PBXFileReference; fileEncoding = 4; lastKnownFileType = sourcecode.c.h; path = Common.h; sourceTree = "<group>"; };
		0A29738C1C51FFB900A2F8F0 /* ConnectionHandler.cpp */ = {isa = PBXFileReference; fileEncoding = 4; lastKnownFileType = sourcecode.cpp.cpp; path = ConnectionHandler.cpp; sourceTree = "<group>"; usesTabs = 1; };
		0A29738D1C51FFB900A2F8F0 /* ConnectionHandler.h */ = {isa = PBXFileReference; fileEncoding = 4; lastKnownFileType = sourcecode.c.h; path = ConnectionHandler.h; sourceTree = "<group>"; };
		0A29738E1C51FFB900A2F8F0 /* Data.h */ = {isa = PBXFileReference; fileEncoding = 4; lastKnownFileType = sourcecode.c.h; path = Data.h; sourceTree = "<group>"; usesTabs = 1; };
		0A29738F1C51FFB900A2F8F0 /* Event.cpp */ = {isa = PBXFileReference; fileEncoding = 4; lastKnownFileType = sourcecode.cpp.cpp; path = Event.cpp; sourceTree = "<group>"; };
		0A2973901C51FFB900A2F8F0 /* Event.h */ = {isa = PBXFileReference; fileEncoding = 4; lastKnownFileType = sourcecode.c.h; path = Event.h; sourceTree = "<group>"; };
		0A2973911C51FFB900A2F8F0 /* Timer.h */ = {isa = PBXFileReference; fileEncoding = 4; lastKnownFileType = sourcecode.c.h; path = Timer.h; sourceTree = "<group>"; };
		0A29739B1C51FFD900A2F8F0 /* TimerApple.cpp */ = {isa = PBXFileReference; fileEncoding = 4; lastKnownFileType = sourcecode.cpp.cpp; name = TimerApple.cpp; path = apple/TimerApple.cpp; sourceTree = "<group>"; };
		0A29739D1C5205EA00A2F8F0 /* ConnectionHandlerApple.cpp */ = {isa = PBXFileReference; fileEncoding = 4; lastKnownFileType = sourcecode.cpp.cpp; name = ConnectionHandlerApple.cpp; path = apple/ConnectionHandlerApple.cpp; sourceTree = "<group>"; };
		0A2973A01C52061300A2F8F0 /* ConnectionHandlerWin32.cpp */ = {isa = PBXFileReference; lastKnownFileType = sourcecode.cpp.cpp; name = ConnectionHandlerWin32.cpp; path = win32/ConnectionHandlerWin32.cpp; sourceTree = "<group>"; };
		0A2973A11C52061300A2F8F0 /* TimerWin32.cpp */ = {isa = PBXFileReference; lastKnownFileType = sourcecode.cpp.cpp; name = TimerWin32.cpp; path = win32/TimerWin32.cpp; sourceTree = "<group>"; };
		0A36AC5D1C7FFD4F00922BF2 /* ConnectionHandlerLinux.cpp */ = {isa = PBXFileReference; lastKnownFileType = sourcecode.cpp.cpp; path = ConnectionHandlerLinux.cpp; sourceTree = "<group>"; };
		0A36AC5E1C7FFD7400922BF2 /* TimerLinux.cpp */ = {isa = PBXFileReference; lastKnownFileType = sourcecode.cpp.cpp; path = TimerLinux.cpp; sourceTree = "<group>"; };
		0A36AC601C80064C00922BF2 /* EngineAndroid.cpp */ = {isa = PBXFileReference; lastKnownFileType = sourcecode.cpp.cpp; name = EngineAndroid.cpp; path = Server/android/EngineAndroid.cpp; sourceTree = "<group>"; };
		0A44AC321C58BCC0007809DA /* ZlibUtils.cpp */ = {isa = PBXFileReference; fileEncoding = 4; lastKnownFileType = sourcecode.cpp.cpp; path = ZlibUtils.cpp; sourceTree = "<group>"; usesTabs = 1; };
		0A44AC331C58BCC0007809DA /* ZlibUtils.h */ = {isa = PBXFileReference; fileEncoding = 4; lastKnownFileType = sourcecode.c.h; path = ZlibUtils.h; sourceTree = "<group>"; };
		0A4A843B1C7A1C2D00556B01 /* Client.cpp */ = {isa = PBXFileReference; fileEncoding = 4; lastKnownFileType = sourcecode.cpp.cpp; name = Client.cpp; path = Client/Client.cpp; sourceTree = "<group>"; };
		0A4A843C1C7A1C2D00556B01 /* Client.h */ = {isa = PBXFileReference; fileEncoding = 4; lastKnownFileType = sourcecode.c.h; name = Client.h; path = Client/Client.h; sourceTree = "<group>"; };
		0A4A84471C7A1C7B00556B01 /* CString.h */ = {isa = PBXFileReference; fileEncoding = 4; lastKnownFileType = sourcecode.c.h; path = CString.h; sourceTree = "<group>"; };
		0A4D156C1CEFB3CC00F63A9B /* AudioCapturer.cpp */ = {isa = PBXFileReference; fileEncoding = 4; lastKnownFileType = sourcecode.cpp.cpp; path = AudioCapturer.cpp; sourceTree = "<group>"; };
		0A4D156D1CEFB3CC00F63A9B /* AudioCapturer.h */ = {isa = PBXFileReference; fileEncoding = 4; lastKnownFileType = sourcecode.c.h; path = AudioCapturer.h; sourceTree = "<group>"; };
		0A4D156E1CEFB3CC00F63A9B /* BaseEngine.cpp */ = {isa = PBXFileReference; fileEncoding = 4; lastKnownFileType = sourcecode.cpp.cpp; path = BaseEngine.cpp; sourceTree = "<group>"; };
		0A4D156F1CEFB3CC00F63A9B /* BaseEngine.h */ = {isa = PBXFileReference; fileEncoding = 4; lastKnownFileType = sourcecode.c.h; path = BaseEngine.h; sourceTree = "<group>"; };
		0A5298711C522A9F0008A9FA /* libRemoteControllerIOS.a */ = {isa = PBXFileReference; explicitFileType = archive.ar; includeInIndex = 0; path = libRemoteControllerIOS.a; sourceTree = BUILT_PRODUCTS_DIR; };
		0A5298721C522ACC0008A9FA /* OpenGLES.framework */ = {isa = PBXFileReference; lastKnownFileType = wrapper.framework; name = OpenGLES.framework; path = System/Library/Frameworks/OpenGLES.framework; sourceTree = SDKROOT; };
		0A5716901C43520900AE78E7 /* libRemoteController.a */ = {isa = PBXFileReference; explicitFileType = archive.ar; includeInIndex = 0; path = libRemoteController.a; sourceTree = BUILT_PRODUCTS_DIR; };
		0A5716B51C4353C000AE78E7 /* OpenGL.framework */ = {isa = PBXFileReference; lastKnownFileType = wrapper.framework; name = OpenGL.framework; path = System/Library/Frameworks/OpenGL.framework; sourceTree = SDKROOT; };
		0A8DD5241D1BBF7D0040E8D3 /* ConnectionHandlerAndroid.cpp */ = {isa = PBXFileReference; lastKnownFileType = sourcecode.cpp.cpp; name = ConnectionHandlerAndroid.cpp; path = android/ConnectionHandlerAndroid.cpp; sourceTree = "<group>"; };
		0A8DD5251D1BBF7D0040E8D3 /* JniUtils.cpp */ = {isa = PBXFileReference; lastKnownFileType = sourcecode.cpp.cpp; name = JniUtils.cpp; path = android/JniUtils.cpp; sourceTree = "<group>"; };
		0A8DD5261D1BBF7D0040E8D3 /* JniUtils.h */ = {isa = PBXFileReference; lastKnownFileType = sourcecode.c.h; name = JniUtils.h; path = android/JniUtils.h; sourceTree = "<group>"; };
		0A8DD5281D1BC0EA0040E8D3 /* Android.mk */ = {isa = PBXFileReference; fileEncoding = 4; lastKnownFileType = text; name = Android.mk; path = android/jni/Android.mk; sourceTree = "<group>"; };
		0A8DD5291D1BC0EA0040E8D3 /* Application.mk */ = {isa = PBXFileReference; fileEncoding = 4; lastKnownFileType = text; name = Application.mk; path = android/jni/Application.mk; sourceTree = "<group>"; };
		0A8DD52D1D1BC20E0040E8D3 /* Android.mk */ = {isa = PBXFileReference; lastKnownFileType = text; name = Android.mk; path = "third-party/opus-prebuilt/Android/jni/Android.mk"; sourceTree = "<group>"; };
		0A8DD52E1D1BC20E0040E8D3 /* Application.mk */ = {isa = PBXFileReference; lastKnownFileType = text; name = Application.mk; path = "third-party/opus-prebuilt/Android/jni/Application.mk"; sourceTree = "<group>"; };
		0AB449BB1D0C808200B8D991 /* ConnectionHandlerUnix.cpp */ = {isa = PBXFileReference; fileEncoding = 4; lastKnownFileType = sourcecode.cpp.cpp; name = ConnectionHandlerUnix.cpp; path = unix/ConnectionHandlerUnix.cpp; sourceTree = "<group>"; };
		0AD97085218302DA008BABA4 /* libRemoteController-i386.a */ = {isa = PBXFileReference; explicitFileType = archive.ar; includeInIndex = 0; path = "libRemoteController-i386.a"; sourceTree = BUILT_PRODUCTS_DIR; };
		0AE5B0D71C44D95500155DB8 /* Engine.cpp */ = {isa = PBXFileReference; fileEncoding = 4; lastKnownFileType = sourcecode.cpp.cpp; name = Engine.cpp; path = Server/Engine.cpp; sourceTree = "<group>"; };
		0AE5B0D81C44D95500155DB8 /* Engine.h */ = {isa = PBXFileReference; fileEncoding = 4; lastKnownFileType = sourcecode.c.h; name = Engine.h; path = Server/Engine.h; sourceTree = "<group>"; };
		0AE5B0DA1C44D95500155DB8 /* ImgCompressor.cpp */ = {isa = PBXFileReference; fileEncoding = 4; lastKnownFileType = sourcecode.cpp.cpp; name = ImgCompressor.cpp; path = Server/ImgCompressor.cpp; sourceTree = "<group>"; };
		0AE5B0DC1C44D95500155DB8 /* EngineApple.mm */ = {isa = PBXFileReference; fileEncoding = 4; lastKnownFileType = sourcecode.cpp.objcpp; path = EngineApple.mm; sourceTree = "<group>"; usesTabs = 1; };
		0AE5B0DD1C44D95500155DB8 /* ImgCompressorApple.cpp */ = {isa = PBXFileReference; fileEncoding = 4; lastKnownFileType = sourcecode.cpp.cpp; path = ImgCompressorApple.cpp; sourceTree = "<group>"; };
		0AE5B0DF1C44D95500155DB8 /* FrameCapturer.cpp */ = {isa = PBXFileReference; fileEncoding = 4; lastKnownFileType = sourcecode.cpp.cpp; name = FrameCapturer.cpp; path = Server/FrameCapturer.cpp; sourceTree = "<group>"; };
		0AE5B0E01C44D95500155DB8 /* FrameCapturer.h */ = {isa = PBXFileReference; fileEncoding = 4; lastKnownFileType = sourcecode.c.h; name = FrameCapturer.h; path = Server/FrameCapturer.h; sourceTree = "<group>"; };
		0AE5B0E11C44D95500155DB8 /* FrameCapturerGL.cpp */ = {isa = PBXFileReference; fileEncoding = 4; lastKnownFileType = sourcecode.cpp.cpp; name = FrameCapturerGL.cpp; path = Server/FrameCapturerGL.cpp; sourceTree = "<group>"; };
		0AE5B0E21C44D95500155DB8 /* FrameCapturerGL.h */ = {isa = PBXFileReference; fileEncoding = 4; lastKnownFileType = sourcecode.c.h; name = FrameCapturerGL.h; path = Server/FrameCapturerGL.h; sourceTree = "<group>"; };
		0AE5B0E31C44D95500155DB8 /* ImgCompressor.h */ = {isa = PBXFileReference; fileEncoding = 4; lastKnownFileType = sourcecode.c.h; name = ImgCompressor.h; path = Server/ImgCompressor.h; sourceTree = "<group>"; };
		0AE5B0E51C44D95500155DB8 /* EngineWin32.cpp */ = {isa = PBXFileReference; fileEncoding = 4; lastKnownFileType = sourcecode.cpp.cpp; path = EngineWin32.cpp; sourceTree = "<group>"; };
		0AE5B1131C44DACE00155DB8 /* RemoteViewController.h */ = {isa = PBXFileReference; fileEncoding = 4; lastKnownFileType = sourcecode.c.h; name = RemoteViewController.h; path = ClientIOS/RemoteViewController.h; sourceTree = "<group>"; };
		0AE5B1141C44DACE00155DB8 /* RemoteViewController.mm */ = {isa = PBXFileReference; fileEncoding = 4; lastKnownFileType = sourcecode.cpp.objcpp; name = RemoteViewController.mm; path = ClientIOS/RemoteViewController.mm; sourceTree = "<group>"; };
		0AE5B1151C44DACE00155DB8 /* AppDelegate.h */ = {isa = PBXFileReference; fileEncoding = 4; lastKnownFileType = sourcecode.c.h; name = AppDelegate.h; path = ClientIOS/AppDelegate.h; sourceTree = "<group>"; };
		0AE5B1161C44DACE00155DB8 /* AppDelegate.m */ = {isa = PBXFileReference; fileEncoding = 4; lastKnownFileType = sourcecode.c.objc; name = AppDelegate.m; path = ClientIOS/AppDelegate.m; sourceTree = "<group>"; };
		0AE5B1171C44DACE00155DB8 /* Assets.xcassets */ = {isa = PBXFileReference; lastKnownFileType = folder.assetcatalog; name = Assets.xcassets; path = ClientIOS/Assets.xcassets; sourceTree = "<group>"; };
		0AE5B11A1C44DACE00155DB8 /* Base */ = {isa = PBXFileReference; lastKnownFileType = file.storyboard; name = Base; path = LaunchScreen.storyboard; sourceTree = "<group>"; };
		0AE5B11C1C44DACE00155DB8 /* Base */ = {isa = PBXFileReference; lastKnownFileType = file.storyboard; name = Base; path = Main.storyboard; sourceTree = "<group>"; };
		0AE5B11F1C44DACE00155DB8 /* Info.plist */ = {isa = PBXFileReference; fileEncoding = 4; lastKnownFileType = text.plist.xml; name = Info.plist; path = ClientIOS/Info.plist; sourceTree = "<group>"; };
		0AE5B1201C44DACE00155DB8 /* main.m */ = {isa = PBXFileReference; fileEncoding = 4; lastKnownFileType = sourcecode.c.objc; name = main.m; path = ClientIOS/main.m; sourceTree = "<group>"; };
		0AE5B1211C44DACE00155DB8 /* ViewController.h */ = {isa = PBXFileReference; fileEncoding = 4; lastKnownFileType = sourcecode.c.h; name = ViewController.h; path = ClientIOS/ViewController.h; sourceTree = "<group>"; };
		0AE5B1221C44DACE00155DB8 /* ViewController.mm */ = {isa = PBXFileReference; fileEncoding = 4; lastKnownFileType = sourcecode.cpp.objcpp; name = ViewController.mm; path = ClientIOS/ViewController.mm; sourceTree = "<group>"; };
		0AFB2CD01C437C8300787BF1 /* ClientIOS.app */ = {isa = PBXFileReference; explicitFileType = wrapper.application; includeInIndex = 0; path = ClientIOS.app; sourceTree = BUILT_PRODUCTS_DIR; };
/* End PBXFileReference section */

/* Begin PBXFrameworksBuildPhase section */
		0A5298621C522A9F0008A9FA /* Frameworks */ = {
			isa = PBXFrameworksBuildPhase;
			buildActionMask = 2147483647;
			files = (
				0A5298731C522ACC0008A9FA /* OpenGLES.framework in Frameworks */,
			);
			runOnlyForDeploymentPostprocessing = 0;
		};
		0A57168D1C43520900AE78E7 /* Frameworks */ = {
			isa = PBXFrameworksBuildPhase;
			buildActionMask = 2147483647;
			files = (
				0A5716B61C4353C000AE78E7 /* OpenGL.framework in Frameworks */,
			);
			runOnlyForDeploymentPostprocessing = 0;
		};
		0AD97071218302DA008BABA4 /* Frameworks */ = {
			isa = PBXFrameworksBuildPhase;
			buildActionMask = 2147483647;
			files = (
				0AD97072218302DA008BABA4 /* OpenGL.framework in Frameworks */,
			);
			runOnlyForDeploymentPostprocessing = 0;
		};
		0AFB2CCD1C437C8300787BF1 /* Frameworks */ = {
			isa = PBXFrameworksBuildPhase;
			buildActionMask = 2147483647;
			files = (
				0A294E291C57F75B00D4CC23 /* libz.tbd in Frameworks */,
				0A5298891C522C8C0008A9FA /* libRemoteControllerIOS.a in Frameworks */,
			);
			runOnlyForDeploymentPostprocessing = 0;
		};
/* End PBXFrameworksBuildPhase section */

/* Begin PBXGroup section */
		0A2973891C51FF8600A2F8F0 /* Common */ = {
			isa = PBXGroup;
			children = (
				0A4D156C1CEFB3CC00F63A9B /* AudioCapturer.cpp */,
				0A4D156D1CEFB3CC00F63A9B /* AudioCapturer.h */,
				0A4D156E1CEFB3CC00F63A9B /* BaseEngine.cpp */,
				0A4D156F1CEFB3CC00F63A9B /* BaseEngine.h */,
				0A4A84471C7A1C7B00556B01 /* CString.h */,
				0A44AC321C58BCC0007809DA /* ZlibUtils.cpp */,
				0A44AC331C58BCC0007809DA /* ZlibUtils.h */,
				0A29738A1C51FFB900A2F8F0 /* Common.cpp */,
				0A29738B1C51FFB900A2F8F0 /* Common.h */,
				0A29738C1C51FFB900A2F8F0 /* ConnectionHandler.cpp */,
				0A29738D1C51FFB900A2F8F0 /* ConnectionHandler.h */,
				0A29738E1C51FFB900A2F8F0 /* Data.h */,
				0A29738F1C51FFB900A2F8F0 /* Event.cpp */,
				0A2973901C51FFB900A2F8F0 /* Event.h */,
				0A2973911C51FFB900A2F8F0 /* Timer.h */,
				0A8DD5231D1BBF5A0040E8D3 /* android */,
				0AB449BA1D0C806200B8D991 /* unix */,
				0A36AC5C1C7FFD2900922BF2 /* linux */,
				0A29739F1C5205FA00A2F8F0 /* win32 */,
				0A29739A1C51FFCD00A2F8F0 /* apple */,
			);
			name = Common;
			sourceTree = "<group>";
		};
		0A29739A1C51FFCD00A2F8F0 /* apple */ = {
			isa = PBXGroup;
			children = (
				0A29739B1C51FFD900A2F8F0 /* TimerApple.cpp */,
				0A29739D1C5205EA00A2F8F0 /* ConnectionHandlerApple.cpp */,
			);
			name = apple;
			sourceTree = "<group>";
		};
		0A29739F1C5205FA00A2F8F0 /* win32 */ = {
			isa = PBXGroup;
			children = (
				0A2973A01C52061300A2F8F0 /* ConnectionHandlerWin32.cpp */,
				0A2973A11C52061300A2F8F0 /* TimerWin32.cpp */,
			);
			name = win32;
			sourceTree = "<group>";
		};
		0A36AC5C1C7FFD2900922BF2 /* linux */ = {
			isa = PBXGroup;
			children = (
				0A36AC5D1C7FFD4F00922BF2 /* ConnectionHandlerLinux.cpp */,
				0A36AC5E1C7FFD7400922BF2 /* TimerLinux.cpp */,
			);
			path = linux;
			sourceTree = SOURCE_ROOT;
		};
		0A36AC5F1C80062800922BF2 /* android */ = {
			isa = PBXGroup;
			children = (
				0A36AC601C80064C00922BF2 /* EngineAndroid.cpp */,
			);
			name = android;
			sourceTree = "<group>";
		};
		0A4A843A1C7A1BF700556B01 /* Client */ = {
			isa = PBXGroup;
			children = (
				0A4A843B1C7A1C2D00556B01 /* Client.cpp */,
				0A4A843C1C7A1C2D00556B01 /* Client.h */,
			);
			name = Client;
			sourceTree = "<group>";
		};
		0A5716871C43520900AE78E7 = {
			isa = PBXGroup;
			children = (
				0A294E281C57F75B00D4CC23 /* libz.tbd */,
				0A5298721C522ACC0008A9FA /* OpenGLES.framework */,
				0A5716B51C4353C000AE78E7 /* OpenGL.framework */,
				0A2973891C51FF8600A2F8F0 /* Common */,
				0AE5B0F31C44D9E000155DB8 /* ClientIOS */,
				0A4A843A1C7A1BF700556B01 /* Client */,
				0AE5B0D61C44D92800155DB8 /* Server */,
				0A5716911C43520900AE78E7 /* Products */,
			);
			sourceTree = "<group>";
		};
		0A5716911C43520900AE78E7 /* Products */ = {
			isa = PBXGroup;
			children = (
				0A5716901C43520900AE78E7 /* libRemoteController.a */,
				0AFB2CD01C437C8300787BF1 /* ClientIOS.app */,
				0A5298711C522A9F0008A9FA /* libRemoteControllerIOS.a */,
				0AD97085218302DA008BABA4 /* libRemoteController-i386.a */,
			);
			name = Products;
			sourceTree = "<group>";
		};
		0A8DD5231D1BBF5A0040E8D3 /* android */ = {
			isa = PBXGroup;
			children = (
				0A8DD52B1D1BC1CE0040E8D3 /* thir-party */,
				0A8DD5271D1BC0D80040E8D3 /* jni */,
				0A8DD5241D1BBF7D0040E8D3 /* ConnectionHandlerAndroid.cpp */,
				0A8DD5251D1BBF7D0040E8D3 /* JniUtils.cpp */,
				0A8DD5261D1BBF7D0040E8D3 /* JniUtils.h */,
			);
			name = android;
			sourceTree = "<group>";
		};
		0A8DD5271D1BC0D80040E8D3 /* jni */ = {
			isa = PBXGroup;
			children = (
				0A8DD5281D1BC0EA0040E8D3 /* Android.mk */,
				0A8DD5291D1BC0EA0040E8D3 /* Application.mk */,
			);
			name = jni;
			sourceTree = "<group>";
		};
		0A8DD52B1D1BC1CE0040E8D3 /* thir-party */ = {
			isa = PBXGroup;
			children = (
				0A8DD52C1D1BC1D80040E8D3 /* opus_scripts */,
			);
			name = "thir-party";
			sourceTree = "<group>";
		};
		0A8DD52C1D1BC1D80040E8D3 /* opus_scripts */ = {
			isa = PBXGroup;
			children = (
				0A8DD52D1D1BC20E0040E8D3 /* Android.mk */,
				0A8DD52E1D1BC20E0040E8D3 /* Application.mk */,
			);
			name = opus_scripts;
			sourceTree = "<group>";
		};
		0AB449BA1D0C806200B8D991 /* unix */ = {
			isa = PBXGroup;
			children = (
				0AB449BB1D0C808200B8D991 /* ConnectionHandlerUnix.cpp */,
			);
			name = unix;
			sourceTree = "<group>";
		};
		0AE5B0D61C44D92800155DB8 /* Server */ = {
			isa = PBXGroup;
			children = (
				0AE5B0D71C44D95500155DB8 /* Engine.cpp */,
				0AE5B0D81C44D95500155DB8 /* Engine.h */,
				0AE5B0DA1C44D95500155DB8 /* ImgCompressor.cpp */,
				0AE5B0DF1C44D95500155DB8 /* FrameCapturer.cpp */,
				0AE5B0E01C44D95500155DB8 /* FrameCapturer.h */,
				0AE5B0E11C44D95500155DB8 /* FrameCapturerGL.cpp */,
				0AE5B0E21C44D95500155DB8 /* FrameCapturerGL.h */,
				0AE5B0E31C44D95500155DB8 /* ImgCompressor.h */,
				0A36AC5F1C80062800922BF2 /* android */,
				0AE5B0E41C44D95500155DB8 /* win32 */,
				0AE5B0DB1C44D95500155DB8 /* apple */,
			);
			name = Server;
			sourceTree = "<group>";
		};
		0AE5B0DB1C44D95500155DB8 /* apple */ = {
			isa = PBXGroup;
			children = (
				0AE5B0DC1C44D95500155DB8 /* EngineApple.mm */,
				0AE5B0DD1C44D95500155DB8 /* ImgCompressorApple.cpp */,
			);
			name = apple;
			path = Server/apple;
			sourceTree = "<group>";
		};
		0AE5B0E41C44D95500155DB8 /* win32 */ = {
			isa = PBXGroup;
			children = (
				0AE5B0E51C44D95500155DB8 /* EngineWin32.cpp */,
			);
			name = win32;
			path = Server/win32;
			sourceTree = "<group>";
		};
		0AE5B0F31C44D9E000155DB8 /* ClientIOS */ = {
			isa = PBXGroup;
			children = (
				0AE5B1131C44DACE00155DB8 /* RemoteViewController.h */,
				0AE5B1141C44DACE00155DB8 /* RemoteViewController.mm */,
				0AE5B1151C44DACE00155DB8 /* AppDelegate.h */,
				0AE5B1161C44DACE00155DB8 /* AppDelegate.m */,
				0AE5B1171C44DACE00155DB8 /* Assets.xcassets */,
				0AE5B1181C44DACE00155DB8 /* Base.lproj */,
				0AE5B11F1C44DACE00155DB8 /* Info.plist */,
				0AE5B1201C44DACE00155DB8 /* main.m */,
				0AE5B1211C44DACE00155DB8 /* ViewController.h */,
				0AE5B1221C44DACE00155DB8 /* ViewController.mm */,
			);
			name = ClientIOS;
			sourceTree = "<group>";
		};
		0AE5B1181C44DACE00155DB8 /* Base.lproj */ = {
			isa = PBXGroup;
			children = (
				0AE5B1191C44DACE00155DB8 /* LaunchScreen.storyboard */,
				0AE5B11B1C44DACE00155DB8 /* Main.storyboard */,
			);
			name = Base.lproj;
			path = ClientIOS/Base.lproj;
			sourceTree = "<group>";
		};
/* End PBXGroup section */

/* Begin PBXHeadersBuildPhase section */
		0A5298641C522A9F0008A9FA /* Headers */ = {
			isa = PBXHeadersBuildPhase;
			buildActionMask = 2147483647;
			files = (
				0A4A84401C7A1C2D00556B01 /* Client.h in Headers */,
				0A5298651C522A9F0008A9FA /* Timer.h in Headers */,
				0A5298661C522A9F0008A9FA /* Engine.h in Headers */,
				0A5298671C522A9F0008A9FA /* Data.h in Headers */,
				0A5298681C522A9F0008A9FA /* ConnectionHandler.h in Headers */,
				0A5298691C522A9F0008A9FA /* FrameCapturerGL.h in Headers */,
				0A52986A1C522A9F0008A9FA /* Common.h in Headers */,
				0A52986B1C522A9F0008A9FA /* ImgCompressor.h in Headers */,
				0A4A84491C7A1C7B00556B01 /* CString.h in Headers */,
				0A52986C1C522A9F0008A9FA /* FrameCapturer.h in Headers */,
				0A52986D1C522A9F0008A9FA /* Event.h in Headers */,
				0A4D15771CEFB3CC00F63A9B /* BaseEngine.h in Headers */,
				0A4D15731CEFB3CC00F63A9B /* AudioCapturer.h in Headers */,
				0A44AC371C58BCC0007809DA /* ZlibUtils.h in Headers */,
			);
			runOnlyForDeploymentPostprocessing = 0;
		};
		0A57168E1C43520900AE78E7 /* Headers */ = {
			isa = PBXHeadersBuildPhase;
			buildActionMask = 2147483647;
			files = (
				0A4A843F1C7A1C2D00556B01 /* Client.h in Headers */,
				0A2973991C51FFB900A2F8F0 /* Timer.h in Headers */,
				0AE5B0E71C44D95500155DB8 /* Engine.h in Headers */,
				0A2973961C51FFB900A2F8F0 /* Data.h in Headers */,
				0A2973951C51FFB900A2F8F0 /* ConnectionHandler.h in Headers */,
				0AE5B0F01C44D95500155DB8 /* FrameCapturerGL.h in Headers */,
				0A2973931C51FFB900A2F8F0 /* Common.h in Headers */,
				0AE5B0F11C44D95500155DB8 /* ImgCompressor.h in Headers */,
				0A4A84481C7A1C7B00556B01 /* CString.h in Headers */,
				0AE5B0EE1C44D95500155DB8 /* FrameCapturer.h in Headers */,
				0A2973981C51FFB900A2F8F0 /* Event.h in Headers */,
				0A4D15761CEFB3CC00F63A9B /* BaseEngine.h in Headers */,
				0A4D15721CEFB3CC00F63A9B /* AudioCapturer.h in Headers */,
				0A44AC361C58BCC0007809DA /* ZlibUtils.h in Headers */,
			);
			runOnlyForDeploymentPostprocessing = 0;
		};
		0AD97073218302DA008BABA4 /* Headers */ = {
			isa = PBXHeadersBuildPhase;
			buildActionMask = 2147483647;
			files = (
				0AD97074218302DA008BABA4 /* Client.h in Headers */,
				0AD97075218302DA008BABA4 /* Timer.h in Headers */,
				0AD97076218302DA008BABA4 /* Engine.h in Headers */,
				0AD97077218302DA008BABA4 /* Data.h in Headers */,
				0AD97078218302DA008BABA4 /* ConnectionHandler.h in Headers */,
				0AD97079218302DA008BABA4 /* FrameCapturerGL.h in Headers */,
				0AD9707A218302DA008BABA4 /* Common.h in Headers */,
				0AD9707B218302DA008BABA4 /* ImgCompressor.h in Headers */,
				0AD9707C218302DA008BABA4 /* CString.h in Headers */,
				0AD9707D218302DA008BABA4 /* FrameCapturer.h in Headers */,
				0AD9707E218302DA008BABA4 /* Event.h in Headers */,
				0AD9707F218302DA008BABA4 /* BaseEngine.h in Headers */,
				0AD97080218302DA008BABA4 /* AudioCapturer.h in Headers */,
				0AD97081218302DA008BABA4 /* ZlibUtils.h in Headers */,
			);
			runOnlyForDeploymentPostprocessing = 0;
		};
/* End PBXHeadersBuildPhase section */

/* Begin PBXNativeTarget section */
		0A5298561C522A9F0008A9FA /* RemoteControllerIOS */ = {
			isa = PBXNativeTarget;
			buildConfigurationList = 0A52986E1C522A9F0008A9FA /* Build configuration list for PBXNativeTarget "RemoteControllerIOS" */;
			buildPhases = (
				0A5298571C522A9F0008A9FA /* Sources */,
				0A5298621C522A9F0008A9FA /* Frameworks */,
				0A5298641C522A9F0008A9FA /* Headers */,
			);
			buildRules = (
			);
			dependencies = (
			);
			name = RemoteControllerIOS;
			productName = RemoteController;
			productReference = 0A5298711C522A9F0008A9FA /* libRemoteControllerIOS.a */;
			productType = "com.apple.product-type.library.static";
		};
		0A57168F1C43520900AE78E7 /* RemoteController */ = {
			isa = PBXNativeTarget;
			buildConfigurationList = 0A5716991C43520900AE78E7 /* Build configuration list for PBXNativeTarget "RemoteController" */;
			buildPhases = (
				0A57168C1C43520900AE78E7 /* Sources */,
				0A57168D1C43520900AE78E7 /* Frameworks */,
				0A57168E1C43520900AE78E7 /* Headers */,
			);
			buildRules = (
			);
			dependencies = (
			);
			name = RemoteController;
			productName = RemoteController;
			productReference = 0A5716901C43520900AE78E7 /* libRemoteController.a */;
			productType = "com.apple.product-type.library.static";
		};
		0AD9705D218302DA008BABA4 /* RemoteController-i386 */ = {
			isa = PBXNativeTarget;
			buildConfigurationList = 0AD97082218302DA008BABA4 /* Build configuration list for PBXNativeTarget "RemoteController-i386" */;
			buildPhases = (
				0AD97060218302DA008BABA4 /* Sources */,
				0AD97071218302DA008BABA4 /* Frameworks */,
				0AD97073218302DA008BABA4 /* Headers */,
			);
			buildRules = (
			);
			dependencies = (
			);
			name = "RemoteController-i386";
			productName = RemoteController;
			productReference = 0AD97085218302DA008BABA4 /* libRemoteController-i386.a */;
			productType = "com.apple.product-type.library.static";
		};
		0AFB2CCF1C437C8300787BF1 /* ClientIOS */ = {
			isa = PBXNativeTarget;
			buildConfigurationList = 0AFB2CE41C437C8300787BF1 /* Build configuration list for PBXNativeTarget "ClientIOS" */;
			buildPhases = (
				0AFB2CCC1C437C8300787BF1 /* Sources */,
				0AFB2CCD1C437C8300787BF1 /* Frameworks */,
				0AFB2CCE1C437C8300787BF1 /* Resources */,
			);
			buildRules = (
			);
			dependencies = (
				0A5298941C522CF60008A9FA /* PBXTargetDependency */,
			);
			name = ClientIOS;
			productName = Client;
			productReference = 0AFB2CD01C437C8300787BF1 /* ClientIOS.app */;
			productType = "com.apple.product-type.application";
		};
/* End PBXNativeTarget section */

/* Begin PBXProject section */
		0A5716881C43520900AE78E7 /* Project object */ = {
			isa = PBXProject;
			attributes = {
				LastUpgradeCheck = 0720;
				ORGANIZATIONNAME = "Le Hoang Quyen";
				TargetAttributes = {
					0A36DF101C7EABFF00EAABA3 = {
						CreatedOnToolsVersion = 7.2.1;
					};
					0A4A868C1C7A32F000556B01 = {
						CreatedOnToolsVersion = 7.2.1;
					};
					0A4A86951C7A3ED700556B01 = {
						CreatedOnToolsVersion = 7.2.1;
					};
					0A57168F1C43520900AE78E7 = {
						CreatedOnToolsVersion = 7.2;
					};
					0AFB2CCF1C437C8300787BF1 = {
						CreatedOnToolsVersion = 7.2;
					};
				};
			};
			buildConfigurationList = 0A57168B1C43520900AE78E7 /* Build configuration list for PBXProject "RemoteController" */;
			compatibilityVersion = "Xcode 3.2";
			developmentRegion = English;
			hasScannedForEncodings = 0;
			knownRegions = (
				en,
				Base,
			);
			mainGroup = 0A5716871C43520900AE78E7;
			productRefGroup = 0A5716911C43520900AE78E7 /* Products */;
			projectDirPath = "";
			projectRoot = "";
			targets = (
				0A57168F1C43520900AE78E7 /* RemoteController */,
				0AFB2CCF1C437C8300787BF1 /* ClientIOS */,
				0A5298561C522A9F0008A9FA /* RemoteControllerIOS */,
				0A4A868C1C7A32F000556B01 /* opus_ios */,
				0A4A86951C7A3ED700556B01 /* opus_mac */,
				0A36DF101C7EABFF00EAABA3 /* opus_genconfig */,
				0AD9705D218302DA008BABA4 /* RemoteController-i386 */,
				0AD97086218302F1008BABA4 /* opus_mac_i386 */,
			);
		};
/* End PBXProject section */

/* Begin PBXResourcesBuildPhase section */
		0AFB2CCE1C437C8300787BF1 /* Resources */ = {
			isa = PBXResourcesBuildPhase;
			buildActionMask = 2147483647;
			files = (
				0AE5B12A1C44DACE00155DB8 /* Info.plist in Resources */,
				0AE5B1281C44DACE00155DB8 /* Main.storyboard in Resources */,
				0AE5B1261C44DACE00155DB8 /* Assets.xcassets in Resources */,
				0AE5B1271C44DACE00155DB8 /* LaunchScreen.storyboard in Resources */,
			);
			runOnlyForDeploymentPostprocessing = 0;
		};
/* End PBXResourcesBuildPhase section */

/* Begin PBXShellScriptBuildPhase section */
		0A36DF181C7EAC1400EAABA3 /* ShellScript */ = {
			isa = PBXShellScriptBuildPhase;
			buildActionMask = 2147483647;
			files = (
			);
			inputPaths = (
				"${PROJECT_DIR}/third-party/opus/autogen.sh",
			);
			outputPaths = (
				"${PROJECT_DIR}/third-party/opus/configure",
			);
			runOnlyForDeploymentPostprocessing = 0;
			shellPath = /bin/sh;
			shellScript = "cd ${PROJECT_DIR}/third-party/opus\nPATH=${PATH}:/opt/local/bin\n./autogen.sh";
		};
		0A4A86901C7A32F700556B01 /* ShellScript */ = {
			isa = PBXShellScriptBuildPhase;
			buildActionMask = 2147483647;
			files = (
			);
			inputPaths = (
			);
			outputPaths = (
			);
			runOnlyForDeploymentPostprocessing = 0;
			shellPath = /bin/sh;
			shellScript = "SCRIPT=${PROJECT_DIR}/third-party/build_libopus_ios.sh\n\nchmod +x $SCRIPT\nsource $SCRIPT";
		};
		0A4A86991C7A3FA100556B01 /* ShellScript */ = {
			isa = PBXShellScriptBuildPhase;
			buildActionMask = 2147483647;
			files = (
			);
			inputPaths = (
			);
			outputPaths = (
			);
			runOnlyForDeploymentPostprocessing = 0;
			shellPath = /bin/sh;
			shellScript = "ROOTDIR=${PROJECT_DIR}/third-party/opus\ncd \"${ROOTDIR}\"\n\n./configure --disable-shared --enable-static --with-pic --disable-extra-programs --disable-doc --prefix=\"${ROOTDIR}/../opus-prebuilt/MacOSX\"\n\nmake -j 8\nmake install\nmake clean";
		};
		0AD97089218302F1008BABA4 /* ShellScript */ = {
			isa = PBXShellScriptBuildPhase;
			buildActionMask = 2147483647;
			files = (
			);
			inputPaths = (
			);
			outputPaths = (
			);
			runOnlyForDeploymentPostprocessing = 0;
			shellPath = /bin/sh;
			shellScript = "ROOTDIR=${PROJECT_DIR}/third-party/opus\ncd \"${ROOTDIR}\"\n\nexport CFLAGS=\"$CFLAGS -m32\"\n\n./configure --disable-shared --enable-static --with-pic --disable-extra-programs --disable-doc --prefix=\"${ROOTDIR}/../opus-prebuilt/MacOSX/x86\"\n\nmake -j 8\nmake install\nmake clean";
		};
/* End PBXShellScriptBuildPhase section */

/* Begin PBXSourcesBuildPhase section */
		0A5298571C522A9F0008A9FA /* Sources */ = {
			isa = PBXSourcesBuildPhase;
			buildActionMask = 2147483647;
			files = (
				0A4D15751CEFB3CC00F63A9B /* BaseEngine.cpp in Sources */,
				0A5298581C522A9F0008A9FA /* ImgCompressorApple.cpp in Sources */,
				0A5298591C522A9F0008A9FA /* ConnectionHandler.cpp in Sources */,
				0A4A843E1C7A1C2D00556B01 /* Client.cpp in Sources */,
				0A52985B1C522A9F0008A9FA /* ConnectionHandlerApple.cpp in Sources */,
				0A52985C1C522A9F0008A9FA /* TimerApple.cpp in Sources */,
				0A294E2B1C58734400D4CC23 /* ImgCompressor.cpp in Sources */,
				0A52985D1C522A9F0008A9FA /* Common.cpp in Sources */,
				0A4D15711CEFB3CC00F63A9B /* AudioCapturer.cpp in Sources */,
				0A52985E1C522A9F0008A9FA /* Event.cpp in Sources */,
				0A44AC351C58BCC0007809DA /* ZlibUtils.cpp in Sources */,
				0A52985F1C522A9F0008A9FA /* FrameCapturer.cpp in Sources */,
				0A5298601C522A9F0008A9FA /* Engine.cpp in Sources */,
				0A5298611C522A9F0008A9FA /* EngineApple.mm in Sources */,
				0AB449BD1D0C808200B8D991 /* ConnectionHandlerUnix.cpp in Sources */,
			);
			runOnlyForDeploymentPostprocessing = 0;
		};
		0A57168C1C43520900AE78E7 /* Sources */ = {
			isa = PBXSourcesBuildPhase;
			buildActionMask = 2147483647;
			files = (
				0A4D15701CEFB3CC00F63A9B /* AudioCapturer.cpp in Sources */,
				0AE5B0EB1C44D95500155DB8 /* ImgCompressorApple.cpp in Sources */,
				0A2973941C51FFB900A2F8F0 /* ConnectionHandler.cpp in Sources */,
				0AE5B0EF1C44D95500155DB8 /* FrameCapturerGL.cpp in Sources */,
				0A29739E1C5205EA00A2F8F0 /* ConnectionHandlerApple.cpp in Sources */,
				0A4A843D1C7A1C2D00556B01 /* Client.cpp in Sources */,
				0A29739C1C51FFD900A2F8F0 /* TimerApple.cpp in Sources */,
				0A2973921C51FFB900A2F8F0 /* Common.cpp in Sources */,
				0A2973971C51FFB900A2F8F0 /* Event.cpp in Sources */,
				0AE5B0ED1C44D95500155DB8 /* FrameCapturer.cpp in Sources */,
				0A44AC341C58BCC0007809DA /* ZlibUtils.cpp in Sources */,
				0A294E2A1C58734300D4CC23 /* ImgCompressor.cpp in Sources */,
				0AB449BC1D0C808200B8D991 /* ConnectionHandlerUnix.cpp in Sources */,
				0AE5B0E61C44D95500155DB8 /* Engine.cpp in Sources */,
				0A4D15741CEFB3CC00F63A9B /* BaseEngine.cpp in Sources */,
				0AE5B0EA1C44D95500155DB8 /* EngineApple.mm in Sources */,
			);
			runOnlyForDeploymentPostprocessing = 0;
		};
		0AD97060218302DA008BABA4 /* Sources */ = {
			isa = PBXSourcesBuildPhase;
			buildActionMask = 2147483647;
			files = (
				0AD97061218302DA008BABA4 /* AudioCapturer.cpp in Sources */,
				0AD97062218302DA008BABA4 /* ImgCompressorApple.cpp in Sources */,
				0AD97063218302DA008BABA4 /* ConnectionHandler.cpp in Sources */,
				0AD97064218302DA008BABA4 /* FrameCapturerGL.cpp in Sources */,
				0AD97065218302DA008BABA4 /* ConnectionHandlerApple.cpp in Sources */,
				0AD97066218302DA008BABA4 /* Client.cpp in Sources */,
				0AD97067218302DA008BABA4 /* TimerApple.cpp in Sources */,
				0AD97068218302DA008BABA4 /* Common.cpp in Sources */,
				0AD97069218302DA008BABA4 /* Event.cpp in Sources */,
				0AD9706A218302DA008BABA4 /* FrameCapturer.cpp in Sources */,
				0AD9706B218302DA008BABA4 /* ZlibUtils.cpp in Sources */,
				0AD9706C218302DA008BABA4 /* ImgCompressor.cpp in Sources */,
				0AD9706D218302DA008BABA4 /* ConnectionHandlerUnix.cpp in Sources */,
				0AD9706E218302DA008BABA4 /* Engine.cpp in Sources */,
				0AD9706F218302DA008BABA4 /* BaseEngine.cpp in Sources */,
				0AD97070218302DA008BABA4 /* EngineApple.mm in Sources */,
			);
			runOnlyForDeploymentPostprocessing = 0;
		};
		0AFB2CCC1C437C8300787BF1 /* Sources */ = {
			isa = PBXSourcesBuildPhase;
			buildActionMask = 2147483647;
			files = (
				0AE5B12C1C44DACE00155DB8 /* ViewController.mm in Sources */,
				0AE5B12B1C44DACE00155DB8 /* main.m in Sources */,
				0AE5B1241C44DACE00155DB8 /* RemoteViewController.mm in Sources */,
				0AE5B1251C44DACE00155DB8 /* AppDelegate.m in Sources */,
			);
			runOnlyForDeploymentPostprocessing = 0;
		};
/* End PBXSourcesBuildPhase section */

/* Begin PBXTargetDependency section */
		0A36DF151C7EAC0B00EAABA3 /* PBXTargetDependency */ = {
			isa = PBXTargetDependency;
			target = 0A36DF101C7EABFF00EAABA3 /* opus_genconfig */;
			targetProxy = 0A36DF141C7EAC0B00EAABA3 /* PBXContainerItemProxy */;
		};
		0A36DF171C7EAC1000EAABA3 /* PBXTargetDependency */ = {
			isa = PBXTargetDependency;
			target = 0A36DF101C7EABFF00EAABA3 /* opus_genconfig */;
			targetProxy = 0A36DF161C7EAC1000EAABA3 /* PBXContainerItemProxy */;
		};
		0A5298941C522CF60008A9FA /* PBXTargetDependency */ = {
			isa = PBXTargetDependency;
			target = 0A5298561C522A9F0008A9FA /* RemoteControllerIOS */;
			targetProxy = 0A5298931C522CF60008A9FA /* PBXContainerItemProxy */;
		};
		0AD97087218302F1008BABA4 /* PBXTargetDependency */ = {
			isa = PBXTargetDependency;
			target = 0A36DF101C7EABFF00EAABA3 /* opus_genconfig */;
			targetProxy = 0AD97088218302F1008BABA4 /* PBXContainerItemProxy */;
		};
/* End PBXTargetDependency section */

/* Begin PBXVariantGroup section */
		0AE5B1191C44DACE00155DB8 /* LaunchScreen.storyboard */ = {
			isa = PBXVariantGroup;
			children = (
				0AE5B11A1C44DACE00155DB8 /* Base */,
			);
			name = LaunchScreen.storyboard;
			sourceTree = "<group>";
		};
		0AE5B11B1C44DACE00155DB8 /* Main.storyboard */ = {
			isa = PBXVariantGroup;
			children = (
				0AE5B11C1C44DACE00155DB8 /* Base */,
			);
			name = Main.storyboard;
			sourceTree = "<group>";
		};
/* End PBXVariantGroup section */

/* Begin XCBuildConfiguration section */
		0A36DF111C7EABFF00EAABA3 /* Debug */ = {
			isa = XCBuildConfiguration;
			buildSettings = {
				PRODUCT_NAME = "$(TARGET_NAME)";
			};
			name = Debug;
		};
		0A36DF121C7EABFF00EAABA3 /* Release */ = {
			isa = XCBuildConfiguration;
			buildSettings = {
				PRODUCT_NAME = "$(TARGET_NAME)";
			};
			name = Release;
		};
		0A4A868E1C7A32F000556B01 /* Debug */ = {
			isa = XCBuildConfiguration;
			buildSettings = {
				PRODUCT_NAME = "$(TARGET_NAME)";
			};
			name = Debug;
		};
		0A4A868F1C7A32F000556B01 /* Release */ = {
			isa = XCBuildConfiguration;
			buildSettings = {
				PRODUCT_NAME = "$(TARGET_NAME)";
			};
			name = Release;
		};
		0A4A86971C7A3ED800556B01 /* Debug */ = {
			isa = XCBuildConfiguration;
			buildSettings = {
				PRODUCT_NAME = "$(TARGET_NAME)";
				SDKROOT = macosx;
			};
			name = Debug;
		};
		0A4A86981C7A3ED800556B01 /* Release */ = {
			isa = XCBuildConfiguration;
			buildSettings = {
				PRODUCT_NAME = "$(TARGET_NAME)";
				SDKROOT = macosx;
			};
			name = Release;
		};
		0A52986F1C522A9F0008A9FA /* Debug */ = {
			isa = XCBuildConfiguration;
			buildSettings = {
				EXECUTABLE_PREFIX = lib;
				HEADER_SEARCH_PATHS = "$(PROJECT_DIR)/third-party/opus/include";
				LIBRARY_SEARCH_PATHS = "$(PROJECT_DIR)/third-party/opus-prebuilt/iOS/lib";
				OTHER_LDFLAGS = "-lopus";
				OTHER_LIBTOOLFLAGS = "-lopus";
				PRODUCT_NAME = "$(TARGET_NAME)";
				SDKROOT = iphoneos;
			};
			name = Debug;
		};
		0A5298701C522A9F0008A9FA /* Release */ = {
			isa = XCBuildConfiguration;
			buildSettings = {
				EXECUTABLE_PREFIX = lib;
				HEADER_SEARCH_PATHS = "$(PROJECT_DIR)/third-party/opus/include";
				LIBRARY_SEARCH_PATHS = "$(PROJECT_DIR)/third-party/opus-prebuilt/iOS/lib";
				OTHER_LDFLAGS = "-lopus";
				OTHER_LIBTOOLFLAGS = "-lopus";
				PRODUCT_NAME = "$(TARGET_NAME)";
				SDKROOT = iphoneos;
			};
			name = Release;
		};
		0A5716971C43520900AE78E7 /* Debug */ = {
			isa = XCBuildConfiguration;
			buildSettings = {
				ALWAYS_SEARCH_USER_PATHS = NO;
				CLANG_CXX_LANGUAGE_STANDARD = "gnu++0x";
				CLANG_CXX_LIBRARY = "libc++";
				CLANG_ENABLE_MODULES = YES;
				CLANG_ENABLE_OBJC_ARC = YES;
				CLANG_WARN_BOOL_CONVERSION = YES;
				CLANG_WARN_CONSTANT_CONVERSION = YES;
				CLANG_WARN_DIRECT_OBJC_ISA_USAGE = YES_ERROR;
				CLANG_WARN_EMPTY_BODY = YES;
				CLANG_WARN_ENUM_CONVERSION = YES;
				CLANG_WARN_INT_CONVERSION = YES;
				CLANG_WARN_OBJC_ROOT_CLASS = YES_ERROR;
				CLANG_WARN_UNREACHABLE_CODE = YES;
				CLANG_WARN__DUPLICATE_METHOD_MATCH = YES;
				CODE_SIGN_IDENTITY = "-";
				COPY_PHASE_STRIP = NO;
				DEBUG_INFORMATION_FORMAT = dwarf;
				ENABLE_STRICT_OBJC_MSGSEND = YES;
				ENABLE_TESTABILITY = YES;
				GCC_C_LANGUAGE_STANDARD = gnu99;
				GCC_DYNAMIC_NO_PIC = NO;
				GCC_NO_COMMON_BLOCKS = YES;
				GCC_OPTIMIZATION_LEVEL = 0;
				GCC_PREPROCESSOR_DEFINITIONS = (
					"DEBUG=1",
					"$(inherited)",
				);
				GCC_WARN_64_TO_32_BIT_CONVERSION = YES;
				GCC_WARN_ABOUT_RETURN_TYPE = YES_ERROR;
				GCC_WARN_UNDECLARED_SELECTOR = YES;
				GCC_WARN_UNINITIALIZED_AUTOS = YES_AGGRESSIVE;
				GCC_WARN_UNUSED_FUNCTION = YES;
				GCC_WARN_UNUSED_VARIABLE = YES;
				MACOSX_DEPLOYMENT_TARGET = 10.10;
				MTL_ENABLE_DEBUG_INFO = YES;
				ONLY_ACTIVE_ARCH = YES;
				SDKROOT = iphoneos;
			};
			name = Debug;
		};
		0A5716981C43520900AE78E7 /* Release */ = {
			isa = XCBuildConfiguration;
			buildSettings = {
				ALWAYS_SEARCH_USER_PATHS = NO;
				CLANG_CXX_LANGUAGE_STANDARD = "gnu++0x";
				CLANG_CXX_LIBRARY = "libc++";
				CLANG_ENABLE_MODULES = YES;
				CLANG_ENABLE_OBJC_ARC = YES;
				CLANG_WARN_BOOL_CONVERSION = YES;
				CLANG_WARN_CONSTANT_CONVERSION = YES;
				CLANG_WARN_DIRECT_OBJC_ISA_USAGE = YES_ERROR;
				CLANG_WARN_EMPTY_BODY = YES;
				CLANG_WARN_ENUM_CONVERSION = YES;
				CLANG_WARN_INT_CONVERSION = YES;
				CLANG_WARN_OBJC_ROOT_CLASS = YES_ERROR;
				CLANG_WARN_UNREACHABLE_CODE = YES;
				CLANG_WARN__DUPLICATE_METHOD_MATCH = YES;
				CODE_SIGN_IDENTITY = "-";
				COPY_PHASE_STRIP = NO;
				DEBUG_INFORMATION_FORMAT = "dwarf-with-dsym";
				ENABLE_NS_ASSERTIONS = NO;
				ENABLE_STRICT_OBJC_MSGSEND = YES;
				GCC_C_LANGUAGE_STANDARD = gnu99;
				GCC_NO_COMMON_BLOCKS = YES;
				GCC_WARN_64_TO_32_BIT_CONVERSION = YES;
				GCC_WARN_ABOUT_RETURN_TYPE = YES_ERROR;
				GCC_WARN_UNDECLARED_SELECTOR = YES;
				GCC_WARN_UNINITIALIZED_AUTOS = YES_AGGRESSIVE;
				GCC_WARN_UNUSED_FUNCTION = YES;
				GCC_WARN_UNUSED_VARIABLE = YES;
				MACOSX_DEPLOYMENT_TARGET = 10.10;
				MTL_ENABLE_DEBUG_INFO = NO;
				SDKROOT = iphoneos;
			};
			name = Release;
		};
		0A57169A1C43520900AE78E7 /* Debug */ = {
			isa = XCBuildConfiguration;
			buildSettings = {
				EXECUTABLE_PREFIX = lib;
				HEADER_SEARCH_PATHS = "$(PROJECT_DIR)/third-party/opus/include";
				LIBRARY_SEARCH_PATHS = "$(PROJECT_DIR)/third-party/opus-prebuilt/MacOSX/lib";
				OTHER_LIBTOOLFLAGS = "-lopus";
				PRODUCT_NAME = "$(TARGET_NAME)";
				SDKROOT = macosx;
			};
			name = Debug;
		};
		0A57169B1C43520900AE78E7 /* Release */ = {
			isa = XCBuildConfiguration;
			buildSettings = {
				EXECUTABLE_PREFIX = lib;
				HEADER_SEARCH_PATHS = "$(PROJECT_DIR)/third-party/opus/include";
				LIBRARY_SEARCH_PATHS = "$(PROJECT_DIR)/third-party/opus-prebuilt/MacOSX/lib";
				OTHER_LIBTOOLFLAGS = "-lopus";
				PRODUCT_NAME = "$(TARGET_NAME)";
				SDKROOT = macosx;
			};
			name = Release;
		};
		0AD97083218302DA008BABA4 /* Debug */ = {
			isa = XCBuildConfiguration;
			buildSettings = {
				ARCHS = "$(ARCHS_STANDARD_32_BIT)";
				EXECUTABLE_PREFIX = lib;
				HEADER_SEARCH_PATHS = "$(PROJECT_DIR)/third-party/opus/include";
				LIBRARY_SEARCH_PATHS = "$(PROJECT_DIR)/third-party/opus-prebuilt/MacOSX/x86/lib";
				OTHER_LIBTOOLFLAGS = "-lopus";
				PRODUCT_NAME = "$(TARGET_NAME)";
				SDKROOT = macosx;
			};
			name = Debug;
		};
		0AD97084218302DA008BABA4 /* Release */ = {
			isa = XCBuildConfiguration;
			buildSettings = {
				ARCHS = "$(ARCHS_STANDARD_32_BIT)";
				EXECUTABLE_PREFIX = lib;
				HEADER_SEARCH_PATHS = "$(PROJECT_DIR)/third-party/opus/include";
				LIBRARY_SEARCH_PATHS = "$(PROJECT_DIR)/third-party/opus-prebuilt/MacOSX/x86/lib";
				OTHER_LIBTOOLFLAGS = "-lopus";
				PRODUCT_NAME = "$(TARGET_NAME)";
				SDKROOT = macosx;
			};
			name = Release;
		};
		0AD9708B218302F1008BABA4 /* Debug */ = {
			isa = XCBuildConfiguration;
			buildSettings = {
				ARCHS = "$(ARCHS_STANDARD_32_BIT)";
				PRODUCT_NAME = "$(TARGET_NAME)";
				SDKROOT = macosx;
			};
			name = Debug;
		};
		0AD9708C218302F1008BABA4 /* Release */ = {
			isa = XCBuildConfiguration;
			buildSettings = {
				ARCHS = "$(ARCHS_STANDARD_32_BIT)";
				PRODUCT_NAME = "$(TARGET_NAME)";
				SDKROOT = macosx;
			};
			name = Release;
		};
		0AFB2CE51C437C8300787BF1 /* Debug */ = {
			isa = XCBuildConfiguration;
			buildSettings = {
				ASSETCATALOG_COMPILER_APPICON_NAME = AppIcon;
				"CODE_SIGN_IDENTITY[sdk=iphoneos*]" = "iPhone Developer";
				INFOPLIST_FILE = "$(SRCROOT)/ClientIOS/Info.plist";
				IPHONEOS_DEPLOYMENT_TARGET = 8.0;
				LD_RUNPATH_SEARCH_PATHS = "$(inherited) @executable_path/Frameworks";
				PRODUCT_BUNDLE_IDENTIFIER = "V-Key-Pte-Ltd.Client";
				PRODUCT_NAME = "$(TARGET_NAME)";
				SDKROOT = iphoneos;
				TARGETED_DEVICE_FAMILY = "1,2";
			};
			name = Debug;
		};
		0AFB2CE61C437C8300787BF1 /* Release */ = {
			isa = XCBuildConfiguration;
			buildSettings = {
				ASSETCATALOG_COMPILER_APPICON_NAME = AppIcon;
				"CODE_SIGN_IDENTITY[sdk=iphoneos*]" = "iPhone Developer";
				INFOPLIST_FILE = "$(SRCROOT)/ClientIOS/Info.plist";
				IPHONEOS_DEPLOYMENT_TARGET = 8.0;
				LD_RUNPATH_SEARCH_PATHS = "$(inherited) @executable_path/Frameworks";
				PRODUCT_BUNDLE_IDENTIFIER = "V-Key-Pte-Ltd.Client";
				PRODUCT_NAME = "$(TARGET_NAME)";
				SDKROOT = iphoneos;
				TARGETED_DEVICE_FAMILY = "1,2";
				VALIDATE_PRODUCT = YES;
			};
			name = Release;
		};
/* End XCBuildConfiguration section */

/* Begin XCConfigurationList section */
		0A36DF131C7EABFF00EAABA3 /* Build configuration list for PBXAggregateTarget "opus_genconfig" */ = {
			isa = XCConfigurationList;
			buildConfigurations = (
				0A36DF111C7EABFF00EAABA3 /* Debug */,
				0A36DF121C7EABFF00EAABA3 /* Release */,
			);
			defaultConfigurationIsVisible = 0;
			defaultConfigurationName = Release;
		};
		0A4A868D1C7A32F000556B01 /* Build configuration list for PBXAggregateTarget "opus_ios" */ = {
			isa = XCConfigurationList;
			buildConfigurations = (
				0A4A868E1C7A32F000556B01 /* Debug */,
				0A4A868F1C7A32F000556B01 /* Release */,
			);
			defaultConfigurationIsVisible = 0;
			defaultConfigurationName = Release;
		};
		0A4A86961C7A3ED800556B01 /* Build configuration list for PBXAggregateTarget "opus_mac" */ = {
			isa = XCConfigurationList;
			buildConfigurations = (
				0A4A86971C7A3ED800556B01 /* Debug */,
				0A4A86981C7A3ED800556B01 /* Release */,
			);
			defaultConfigurationIsVisible = 0;
			defaultConfigurationName = Release;
		};
		0A52986E1C522A9F0008A9FA /* Build configuration list for PBXNativeTarget "RemoteControllerIOS" */ = {
			isa = XCConfigurationList;
			buildConfigurations = (
				0A52986F1C522A9F0008A9FA /* Debug */,
				0A5298701C522A9F0008A9FA /* Release */,
			);
			defaultConfigurationIsVisible = 0;
			defaultConfigurationName = Release;
		};
		0A57168B1C43520900AE78E7 /* Build configuration list for PBXProject "RemoteController" */ = {
			isa = XCConfigurationList;
			buildConfigurations = (
				0A5716971C43520900AE78E7 /* Debug */,
				0A5716981C43520900AE78E7 /* Release */,
			);
			defaultConfigurationIsVisible = 0;
			defaultConfigurationName = Release;
		};
		0A5716991C43520900AE78E7 /* Build configuration list for PBXNativeTarget "RemoteController" */ = {
			isa = XCConfigurationList;
			buildConfigurations = (
				0A57169A1C43520900AE78E7 /* Debug */,
				0A57169B1C43520900AE78E7 /* Release */,
			);
			defaultConfigurationIsVisible = 0;
			defaultConfigurationName = Release;
		};
		0AD97082218302DA008BABA4 /* Build configuration list for PBXNativeTarget "RemoteController-i386" */ = {
			isa = XCConfigurationList;
			buildConfigurations = (
				0AD97083218302DA008BABA4 /* Debug */,
				0AD97084218302DA008BABA4 /* Release */,
			);
			defaultConfigurationIsVisible = 0;
			defaultConfigurationName = Release;
		};
		0AD9708A218302F1008BABA4 /* Build configuration list for PBXAggregateTarget "opus_mac_i386" */ = {
			isa = XCConfigurationList;
			buildConfigurations = (
				0AD9708B218302F1008BABA4 /* Debug */,
				0AD9708C218302F1008BABA4 /* Release */,
			);
			defaultConfigurationIsVisible = 0;
			defaultConfigurationName = Release;
		};
		0AFB2CE41C437C8300787BF1 /* Build configuration list for PBXNativeTarget "ClientIOS" */ = {
			isa = XCConfigurationList;
			buildConfigurations = (
				0AFB2CE51C437C8300787BF1 /* Debug */,
				0AFB2CE61C437C8300787BF1 /* Release */,
			);
			defaultConfigurationIsVisible = 0;
			defaultConfigurationName = Release;
		};
/* End XCConfigurationList section */
	};
	rootObject = 0A5716881C43520900AE78E7 /* Project object */;
}
